
Microsoft Visual Studio Solution File, Format Version 12.00
# Visual Studio Version 17
VisualStudioVersion = 17.13.35919.96 d17.13
MinimumVisualStudioVersion = 10.0.40219.1
Project("{2150E333-8FDC-42A3-9474-1A3956D46DE8}") = "src", "src", "{02EA681E-C7D8-13C7-8484-4AC65E1B71E8}"
EndProject
Project("{2150E333-8FDC-42A3-9474-1A3956D46DE8}") = "internal", "internal", "{9D376599-DEAC-477E-ACC4-B5A71F27308F}"
EndProject
Project("{2150E333-8FDC-42A3-9474-1A3956D46DE8}") = "external", "external", "{09B92D88-6F74-420E-A5F5-1BEFE246FEA5}"
EndProject
Project("{FAE04EC0-301F-11D3-BF4B-00C04F79EFBC}") = "Oxu.Domain", "Oxu.Domain\Oxu.Domain.csproj", "{68AC5AEC-7DA1-4064-A9AA-0C406E319FD3}"
EndProject
Project("{FAE04EC0-301F-11D3-BF4B-00C04F79EFBC}") = "Oxu.Persistance", "Oxu.Persistance\Oxu.Persistance.csproj", "{40CB3894-8956-4DCF-9DE1-42CFD152B080}"
EndProject
Project("{FAE04EC0-301F-11D3-BF4B-00C04F79EFBC}") = "Oxu.Application", "Oxu.Application\Oxu.Application.csproj", "{89CF8935-BDEF-43F5-9AA5-54A09BA8FAF3}"
EndProject
Project("{FAE04EC0-301F-11D3-BF4B-00C04F79EFBC}") = "Oxu.Infrastructure", "Oxu.Infrastructure\Oxu.Infrastructure.csproj", "{1D52B981-1640-4FFF-B78F-1A650F8F2666}"
EndProject
Project("{FAE04EC0-301F-11D3-BF4B-00C04F79EFBC}") = "Oxu.Presentation", "Oxu.Presentation\Oxu.Presentation.csproj", "{F9E3AE9E-9870-4706-BC3C-932FEEEC61A5}"
EndProject
Project("{FAE04EC0-301F-11D3-BF4B-00C04F79EFBC}") = "Oxu.WebAPI", "Oxu.WebAPI\Oxu.WebAPI.csproj", "{D44ADD3F-A68C-4EDF-8488-244E7EA1DF55}"
EndProject
Project("{2150E333-8FDC-42A3-9474-1A3956D46DE8}") = "test", "test", "{68AE9825-9BF5-4EE7-8B23-2C6A88D60C52}"
EndProject
Project("{FAE04EC0-301F-11D3-BF4B-00C04F79EFBC}") = "Oxu.Test", "Oxu.Test\Oxu.Test.csproj", "{53507A10-2391-4211-ACB3-638176761E66}"
EndProject
Global
	GlobalSection(SolutionConfigurationPlatforms) = preSolution
		Debug|Any CPU = Debug|Any CPU
		Release|Any CPU = Release|Any CPU
	EndGlobalSection
	GlobalSection(ProjectConfigurationPlatforms) = postSolution
		{68AC5AEC-7DA1-4064-A9AA-0C406E319FD3}.Debug|Any CPU.ActiveCfg = Debug|Any CPU
		{68AC5AEC-7DA1-4064-A9AA-0C406E319FD3}.Debug|Any CPU.Build.0 = Debug|Any CPU
		{68AC5AEC-7DA1-4064-A9AA-0C406E319FD3}.Release|Any CPU.ActiveCfg = Release|Any CPU
		{68AC5AEC-7DA1-4064-A9AA-0C406E319FD3}.Release|Any CPU.Build.0 = Release|Any CPU
		{40CB3894-8956-4DCF-9DE1-42CFD152B080}.Debug|Any CPU.ActiveCfg = Debug|Any CPU
		{40CB3894-8956-4DCF-9DE1-42CFD152B080}.Debug|Any CPU.Build.0 = Debug|Any CPU
		{40CB3894-8956-4DCF-9DE1-42CFD152B080}.Release|Any CPU.ActiveCfg = Release|Any CPU
		{40CB3894-8956-4DCF-9DE1-42CFD152B080}.Release|Any CPU.Build.0 = Release|Any CPU
		{89CF8935-BDEF-43F5-9AA5-54A09BA8FAF3}.Debug|Any CPU.ActiveCfg = Debug|Any CPU
		{89CF8935-BDEF-43F5-9AA5-54A09BA8FAF3}.Debug|Any CPU.Build.0 = Debug|Any CPU
		{89CF8935-BDEF-43F5-9AA5-54A09BA8FAF3}.Release|Any CPU.ActiveCfg = Release|Any CPU
		{89CF8935-BDEF-43F5-9AA5-54A09BA8FAF3}.Release|Any CPU.Build.0 = Release|Any CPU
		{1D52B981-1640-4FFF-B78F-1A650F8F2666}.Debug|Any CPU.ActiveCfg = Debug|Any CPU
		{1D52B981-1640-4FFF-B78F-1A650F8F2666}.Debug|Any CPU.Build.0 = Debug|Any CPU
		{1D52B981-1640-4FFF-B78F-1A650F8F2666}.Release|Any CPU.ActiveCfg = Release|Any CPU
		{1D52B981-1640-4FFF-B78F-1A650F8F2666}.Release|Any CPU.Build.0 = Release|Any CPU
		{F9E3AE9E-9870-4706-BC3C-932FEEEC61A5}.Debug|Any CPU.ActiveCfg = Debug|Any CPU
		{F9E3AE9E-9870-4706-BC3C-932FEEEC61A5}.Debug|Any CPU.Build.0 = Debug|Any CPU
		{F9E3AE9E-9870-4706-BC3C-932FEEEC61A5}.Release|Any CPU.ActiveCfg = Release|Any CPU
		{F9E3AE9E-9870-4706-BC3C-932FEEEC61A5}.Release|Any CPU.Build.0 = Release|Any CPU
		{D44ADD3F-A68C-4EDF-8488-244E7EA1DF55}.Debug|Any CPU.ActiveCfg = Debug|Any CPU
		{D44ADD3F-A68C-4EDF-8488-244E7EA1DF55}.Debug|Any CPU.Build.0 = Debug|Any CPU
		{D44ADD3F-A68C-4EDF-8488-244E7EA1DF55}.Release|Any CPU.ActiveCfg = Release|Any CPU
		{D44ADD3F-A68C-4EDF-8488-244E7EA1DF55}.Release|Any CPU.Build.0 = Release|Any CPU
		{53507A10-2391-4211-ACB3-638176761E66}.Debug|Any CPU.ActiveCfg = Debug|Any CPU
		{53507A10-2391-4211-ACB3-638176761E66}.Debug|Any CPU.Build.0 = Debug|Any CPU
		{53507A10-2391-4211-ACB3-638176761E66}.Release|Any CPU.ActiveCfg = Release|Any CPU
		{53507A10-2391-4211-ACB3-638176761E66}.Release|Any CPU.Build.0 = Release|Any CPU
	EndGlobalSection
	GlobalSection(SolutionProperties) = preSolution
		HideSolutionNode = FALSE
	EndGlobalSection
	GlobalSection(NestedProjects) = preSolution
		{9D376599-DEAC-477E-ACC4-B5A71F27308F} = {02EA681E-C7D8-13C7-8484-4AC65E1B71E8}
		{09B92D88-6F74-420E-A5F5-1BEFE246FEA5} = {02EA681E-C7D8-13C7-8484-4AC65E1B71E8}
		{68AC5AEC-7DA1-4064-A9AA-0C406E319FD3} = {9D376599-DEAC-477E-ACC4-B5A71F27308F}
		{40CB3894-8956-4DCF-9DE1-42CFD152B080} = {9D376599-DEAC-477E-ACC4-B5A71F27308F}
		{89CF8935-BDEF-43F5-9AA5-54A09BA8FAF3} = {09B92D88-6F74-420E-A5F5-1BEFE246FEA5}
		{1D52B981-1640-4FFF-B78F-1A650F8F2666} = {09B92D88-6F74-420E-A5F5-1BEFE246FEA5}
		{F9E3AE9E-9870-4706-BC3C-932FEEEC61A5} = {09B92D88-6F74-420E-A5F5-1BEFE246FEA5}
		{D44ADD3F-A68C-4EDF-8488-244E7EA1DF55} = {09B92D88-6F74-420E-A5F5-1BEFE246FEA5}
		{68AE9825-9BF5-4EE7-8B23-2C6A88D60C52} = {02EA681E-C7D8-13C7-8484-4AC65E1B71E8}
		{53507A10-2391-4211-ACB3-638176761E66} = {68AE9825-9BF5-4EE7-8B23-2C6A88D60C52}
	EndGlobalSection
	GlobalSection(ExtensibilityGlobals) = postSolution
		SolutionGuid = {7B0F10DB-A36C-4B98-9FD9-59B6831774DD}
	EndGlobalSection
EndGlobal
